
Microsoft Visual Studio Solution File, Format Version 12.00
# Visual Studio Version 16
VisualStudioVersion = 16.0.29519.87
MinimumVisualStudioVersion = 10.0.40219.1
Project("{FAE04EC0-301F-11D3-BF4B-00C04F79EFBC}") = "Pocos", "Pocos\Pocos.csproj", "{ABEAAD04-ABEA-4DA7-A459-D3A1496400F6}"
EndProject
Project("{FAE04EC0-301F-11D3-BF4B-00C04F79EFBC}") = "Repo", "Repo\Repo.csproj", "{7E351FA9-2D92-4D3E-B5B9-D1366E01A02E}"
EndProject
Project("{FAE04EC0-301F-11D3-BF4B-00C04F79EFBC}") = "BackendConsoleApp", "BackendConsoleApp\BackendConsoleApp.csproj", "{F7CA172D-3514-44DC-9D0E-E738F47DD55F}"
EndProject
Project("{FAE04EC0-301F-11D3-BF4B-00C04F79EFBC}") = "Services", "Services\Services.csproj", "{2CDF8A9D-2B41-46CB-908C-F84E98422605}"
EndProject
Project("{FAE04EC0-301F-11D3-BF4B-00C04F79EFBC}") = "CofeWcfServiceHost", "CofeWcfServiceHost\CofeWcfServiceHost.csproj", "{BEDB116B-CD40-464C-ADB4-A262552AF0A7}"
EndProject
Global
	GlobalSection(SolutionConfigurationPlatforms) = preSolution
		Debug|Any CPU = Debug|Any CPU
		Release|Any CPU = Release|Any CPU
	EndGlobalSection
	GlobalSection(ProjectConfigurationPlatforms) = postSolution
		{ABEAAD04-ABEA-4DA7-A459-D3A1496400F6}.Debug|Any CPU.ActiveCfg = Debug|Any CPU
		{ABEAAD04-ABEA-4DA7-A459-D3A1496400F6}.Debug|Any CPU.Build.0 = Debug|Any CPU
		{ABEAAD04-ABEA-4DA7-A459-D3A1496400F6}.Release|Any CPU.ActiveCfg = Release|Any CPU
		{ABEAAD04-ABEA-4DA7-A459-D3A1496400F6}.Release|Any CPU.Build.0 = Release|Any CPU
		{7E351FA9-2D92-4D3E-B5B9-D1366E01A02E}.Debug|Any CPU.ActiveCfg = Debug|Any CPU
		{7E351FA9-2D92-4D3E-B5B9-D1366E01A02E}.Debug|Any CPU.Build.0 = Debug|Any CPU
		{7E351FA9-2D92-4D3E-B5B9-D1366E01A02E}.Release|Any CPU.ActiveCfg = Release|Any CPU
		{7E351FA9-2D92-4D3E-B5B9-D1366E01A02E}.Release|Any CPU.Build.0 = Release|Any CPU
		{F7CA172D-3514-44DC-9D0E-E738F47DD55F}.Debug|Any CPU.ActiveCfg = Debug|Any CPU
		{F7CA172D-3514-44DC-9D0E-E738F47DD55F}.Debug|Any CPU.Build.0 = Debug|Any CPU
		{F7CA172D-3514-44DC-9D0E-E738F47DD55F}.Release|Any CPU.ActiveCfg = Release|Any CPU
		{F7CA172D-3514-44DC-9D0E-E738F47DD55F}.Release|Any CPU.Build.0 = Release|Any CPU
		{2CDF8A9D-2B41-46CB-908C-F84E98422605}.Debug|Any CPU.ActiveCfg = Debug|Any CPU
		{2CDF8A9D-2B41-46CB-908C-F84E98422605}.Debug|Any CPU.Build.0 = Debug|Any CPU
		{2CDF8A9D-2B41-46CB-908C-F84E98422605}.Release|Any CPU.ActiveCfg = Release|Any CPU
		{2CDF8A9D-2B41-46CB-908C-F84E98422605}.Release|Any CPU.Build.0 = Release|Any CPU
		{BEDB116B-CD40-464C-ADB4-A262552AF0A7}.Debug|Any CPU.ActiveCfg = Debug|Any CPU
		{BEDB116B-CD40-464C-ADB4-A262552AF0A7}.Debug|Any CPU.Build.0 = Debug|Any CPU
		{BEDB116B-CD40-464C-ADB4-A262552AF0A7}.Release|Any CPU.ActiveCfg = Release|Any CPU
		{BEDB116B-CD40-464C-ADB4-A262552AF0A7}.Release|Any CPU.Build.0 = Release|Any CPU
	EndGlobalSection
	GlobalSection(SolutionProperties) = preSolution
		HideSolutionNode = FALSE
	EndGlobalSection
	GlobalSection(ExtensibilityGlobals) = postSolution
		SolutionGuid = {6653F33C-6F32-4281-BB20-267AC9B3F544}
	EndGlobalSection
EndGlobal
